// !$*UTF8*$!
{
	archiveVersion = 1;
	classes = {
	};
	objectVersion = 50;
	objects = {

/* Begin PBXBuildFile section */
		75F8D10A2708FFA1003F4989 /* xSwimTeamApp.swift in Sources */ = {isa = PBXBuildFile; fileRef = 75F8D1092708FFA1003F4989 /* xSwimTeamApp.swift */; };
		75F8D10C2708FFA1003F4989 /* SwimmersView.swift in Sources */ = {isa = PBXBuildFile; fileRef = 75F8D10B2708FFA1003F4989 /* SwimmersView.swift */; };
		75F8D10E2708FFA3003F4989 /* Assets.xcassets in Resources */ = {isa = PBXBuildFile; fileRef = 75F8D10D2708FFA3003F4989 /* Assets.xcassets */; };
		75F8D1112708FFA3003F4989 /* Preview Assets.xcassets in Resources */ = {isa = PBXBuildFile; fileRef = 75F8D1102708FFA3003F4989 /* Preview Assets.xcassets */; };
		75F8D119270907F4003F4989 /* SwimmerInfoView.swift in Sources */ = {isa = PBXBuildFile; fileRef = 75F8D118270907F4003F4989 /* SwimmerInfoView.swift */; };
		75F8D11B27090E0B003F4989 /* HomeView.swift in Sources */ = {isa = PBXBuildFile; fileRef = 75F8D11A27090E0B003F4989 /* HomeView.swift */; };
		75F8D11D27090F19003F4989 /* CoachesView.swift in Sources */ = {isa = PBXBuildFile; fileRef = 75F8D11C27090F19003F4989 /* CoachesView.swift */; };
		75F8D11F27090F62003F4989 /* CoachInfoView.swift in Sources */ = {isa = PBXBuildFile; fileRef = 75F8D11E27090F62003F4989 /* CoachInfoView.swift */; };
/* End PBXBuildFile section */

/* Begin PBXFileReference section */
		75F8D1062708FFA1003F4989 /* xSwimTeam.app */ = {isa = PBXFileReference; explicitFileType = wrapper.application; includeInIndex = 0; path = xSwimTeam.app; sourceTree = BUILT_PRODUCTS_DIR; };
		75F8D1092708FFA1003F4989 /* xSwimTeamApp.swift */ = {isa = PBXFileReference; lastKnownFileType = sourcecode.swift; path = xSwimTeamApp.swift; sourceTree = "<group>"; };
		75F8D10B2708FFA1003F4989 /* SwimmersView.swift */ = {isa = PBXFileReference; lastKnownFileType = sourcecode.swift; path = SwimmersView.swift; sourceTree = "<group>"; };
		75F8D10D2708FFA3003F4989 /* Assets.xcassets */ = {isa = PBXFileReference; lastKnownFileType = folder.assetcatalog; path = Assets.xcassets; sourceTree = "<group>"; };
		75F8D1102708FFA3003F4989 /* Preview Assets.xcassets */ = {isa = PBXFileReference; lastKnownFileType = folder.assetcatalog; path = "Preview Assets.xcassets"; sourceTree = "<group>"; };
		75F8D1122708FFA3003F4989 /* Info.plist */ = {isa = PBXFileReference; lastKnownFileType = text.plist.xml; path = Info.plist; sourceTree = "<group>"; };
		75F8D118270907F4003F4989 /* SwimmerInfoView.swift */ = {isa = PBXFileReference; lastKnownFileType = sourcecode.swift; path = SwimmerInfoView.swift; sourceTree = "<group>"; };
		75F8D11A27090E0B003F4989 /* HomeView.swift */ = {isa = PBXFileReference; lastKnownFileType = sourcecode.swift; path = HomeView.swift; sourceTree = "<group>"; };
		75F8D11C27090F19003F4989 /* CoachesView.swift */ = {isa = PBXFileReference; lastKnownFileType = sourcecode.swift; path = CoachesView.swift; sourceTree = "<group>"; };
		75F8D11E27090F62003F4989 /* CoachInfoView.swift */ = {isa = PBXFileReference; lastKnownFileType = sourcecode.swift; path = CoachInfoView.swift; sourceTree = "<group>"; };
/* End PBXFileReference section */

/* Begin PBXFrameworksBuildPhase section */
		75F8D1032708FFA1003F4989 /* Frameworks */ = {
			isa = PBXFrameworksBuildPhase;
			buildActionMask = 2147483647;
			files = (
			);
			runOnlyForDeploymentPostprocessing = 0;
		};
/* End PBXFrameworksBuildPhase section */

/* Begin PBXGroup section */
		75F8D0FD2708FFA1003F4989 = {
			isa = PBXGroup;
			children = (
				75F8D1082708FFA1003F4989 /* xSwimTeam */,
				75F8D1072708FFA1003F4989 /* Products */,
			);
			sourceTree = "<group>";
		};
		75F8D1072708FFA1003F4989 /* Products */ = {
			isa = PBXGroup;
			children = (
				75F8D1062708FFA1003F4989 /* xSwimTeam.app */,
			);
			name = Products;
			sourceTree = "<group>";
		};
		75F8D1082708FFA1003F4989 /* xSwimTeam */ = {
			isa = PBXGroup;
			children = (
				75F8D1092708FFA1003F4989 /* xSwimTeamApp.swift */,
				75F8D11E27090F62003F4989 /* CoachInfoView.swift */,
				75F8D10B2708FFA1003F4989 /* SwimmersView.swift */,
				75F8D11C27090F19003F4989 /* CoachesView.swift */,
				75F8D118270907F4003F4989 /* SwimmerInfoView.swift */,
				75F8D11A27090E0B003F4989 /* HomeView.swift */,
				75F8D10D2708FFA3003F4989 /* Assets.xcassets */,
				75F8D1122708FFA3003F4989 /* Info.plist */,
				75F8D10F2708FFA3003F4989 /* Preview Content */,
			);
			path = xSwimTeam;
			sourceTree = "<group>";
		};
		75F8D10F2708FFA3003F4989 /* Preview Content */ = {
			isa = PBXGroup;
			children = (
				75F8D1102708FFA3003F4989 /* Preview Assets.xcassets */,
			);
			path = "Preview Content";
			sourceTree = "<group>";
		};
/* End PBXGroup section */

/* Begin PBXNativeTarget section */
		75F8D1052708FFA1003F4989 /* xSwimTeam */ = {
			isa = PBXNativeTarget;
			buildConfigurationList = 75F8D1152708FFA3003F4989 /* Build configuration list for PBXNativeTarget "xSwimTeam" */;
			buildPhases = (
				75F8D1022708FFA1003F4989 /* Sources */,
				75F8D1032708FFA1003F4989 /* Frameworks */,
				75F8D1042708FFA1003F4989 /* Resources */,
			);
			buildRules = (
			);
			dependencies = (
			);
			name = xSwimTeam;
			productName = xSwimTeam;
			productReference = 75F8D1062708FFA1003F4989 /* xSwimTeam.app */;
			productType = "com.apple.product-type.application";
		};
/* End PBXNativeTarget section */

/* Begin PBXProject section */
		75F8D0FE2708FFA1003F4989 /* Project object */ = {
			isa = PBXProject;
			attributes = {
				LastSwiftUpdateCheck = 1250;
				LastUpgradeCheck = 1250;
				TargetAttributes = {
					75F8D1052708FFA1003F4989 = {
						CreatedOnToolsVersion = 12.5;
					};
				};
			};
			buildConfigurationList = 75F8D1012708FFA1003F4989 /* Build configuration list for PBXProject "xSwimTeam" */;
			compatibilityVersion = "Xcode 9.3";
			developmentRegion = en;
			hasScannedForEncodings = 0;
			knownRegions = (
				en,
				Base,
			);
			mainGroup = 75F8D0FD2708FFA1003F4989;
			productRefGroup = 75F8D1072708FFA1003F4989 /* Products */;
			projectDirPath = "";
			projectRoot = "";
			targets = (
				75F8D1052708FFA1003F4989 /* xSwimTeam */,
			);
		};
/* End PBXProject section */

/* Begin PBXResourcesBuildPhase section */
		75F8D1042708FFA1003F4989 /* Resources */ = {
			isa = PBXResourcesBuildPhase;
			buildActionMask = 2147483647;
			files = (
				75F8D1112708FFA3003F4989 /* Preview Assets.xcassets in Resources */,
				75F8D10E2708FFA3003F4989 /* Assets.xcassets in Resources */,
			);
			runOnlyForDeploymentPostprocessing = 0;
		};
/* End PBXResourcesBuildPhase section */

/* Begin PBXSourcesBuildPhase section */
		75F8D1022708FFA1003F4989 /* Sources */ = {
			isa = PBXSourcesBuildPhase;
			buildActionMask = 2147483647;
			files = (
				75F8D119270907F4003F4989 /* SwimmerInfoView.swift in Sources */,
				75F8D10C2708FFA1003F4989 /* SwimmersView.swift in Sources */,
				75F8D11B27090E0B003F4989 /* HomeView.swift in Sources */,
				75F8D11F27090F62003F4989 /* CoachInfoView.swift in Sources */,
				75F8D10A2708FFA1003F4989 /* xSwimTeamApp.swift in Sources */,
				75F8D11D27090F19003F4989 /* CoachesView.swift in Sources */,
			);
			runOnlyForDeploymentPostprocessing = 0;
		};
/* End PBXSourcesBuildPhase section */

/* Begin XCBuildConfiguration section */
		75F8D1132708FFA3003F4989 /* Debug */ = {
			isa = XCBuildConfiguration;
			buildSettings = {
				ALWAYS_SEARCH_USER_PATHS = NO;
				CLANG_ANALYZER_NONNULL = YES;
				CLANG_ANALYZER_NUMBER_OBJECT_CONVERSION = YES_AGGRESSIVE;
				CLANG_CXX_LANGUAGE_STANDARD = "gnu++14";
				CLANG_CXX_LIBRARY = "libc++";
				CLANG_ENABLE_MODULES = YES;
				CLANG_ENABLE_OBJC_ARC = YES;
				CLANG_ENABLE_OBJC_WEAK = YES;
				CLANG_WARN_BLOCK_CAPTURE_AUTORELEASING = YES;
				CLANG_WARN_BOOL_CONVERSION = YES;
				CLANG_WARN_COMMA = YES;
				CLANG_WARN_CONSTANT_CONVERSION = YES;
				CLANG_WARN_DEPRECATED_OBJC_IMPLEMENTATIONS = YES;
				CLANG_WARN_DIRECT_OBJC_ISA_USAGE = YES_ERROR;
				CLANG_WARN_DOCUMENTATION_COMMENTS = YES;
				CLANG_WARN_EMPTY_BODY = YES;
				CLANG_WARN_ENUM_CONVERSION = YES;
				CLANG_WARN_INFINITE_RECURSION = YES;
				CLANG_WARN_INT_CONVERSION = YES;
				CLANG_WARN_NON_LITERAL_NULL_CONVERSION = YES;
				CLANG_WARN_OBJC_IMPLICIT_RETAIN_SELF = YES;
				CLANG_WARN_OBJC_LITERAL_CONVERSION = YES;
				CLANG_WARN_OBJC_ROOT_CLASS = YES_ERROR;
				CLANG_WARN_QUOTED_INCLUDE_IN_FRAMEWORK_HEADER = YES;
				CLANG_WARN_RANGE_LOOP_ANALYSIS = YES;
				CLANG_WARN_STRICT_PROTOTYPES = YES;
				CLANG_WARN_SUSPICIOUS_MOVE = YES;
				CLANG_WARN_UNGUARDED_AVAILABILITY = YES_AGGRESSIVE;
				CLANG_WARN_UNREACHABLE_CODE = YES;
				CLANG_WARN__DUPLICATE_METHOD_MATCH = YES;
				COPY_PHASE_STRIP = NO;
				DEBUG_INFORMATION_FORMAT = dwarf;
				ENABLE_STRICT_OBJC_MSGSEND = YES;
				ENABLE_TESTABILITY = YES;
				GCC_C_LANGUAGE_STANDARD = gnu11;
				GCC_DYNAMIC_NO_PIC = NO;
				GCC_NO_COMMON_BLOCKS = YES;
				GCC_OPTIMIZATION_LEVEL = 0;
				GCC_PREPROCESSOR_DEFINITIONS = (
					"DEBUG=1",
					"$(inherited)",
				);
				GCC_WARN_64_TO_32_BIT_CONVERSION = YES;
				GCC_WARN_ABOUT_RETURN_TYPE = YES_ERROR;
				GCC_WARN_UNDECLARED_SELECTOR = YES;
				GCC_WARN_UNINITIALIZED_AUTOS = YES_AGGRESSIVE;
				GCC_WARN_UNUSED_FUNCTION = YES;
				GCC_WARN_UNUSED_VARIABLE = YES;
				IPHONEOS_DEPLOYMENT_TARGET = 14.5;
				MTL_ENABLE_DEBUG_INFO = INCLUDE_SOURCE;
				MTL_FAST_MATH = YES;
				ONLY_ACTIVE_ARCH = YES;
				SDKROOT = iphoneos;
				SWIFT_ACTIVE_COMPILATION_CONDITIONS = DEBUG;
				SWIFT_OPTIMIZATION_LEVEL = "-Onone";
			};
			name = Debug;
		};
		75F8D1142708FFA3003F4989 /* Release */ = {
			isa = XCBuildConfiguration;
			buildSettings = {
				ALWAYS_SEARCH_USER_PATHS = NO;
				CLANG_ANALYZER_NONNULL = YES;
				CLANG_ANALYZER_NUMBER_OBJECT_CONVERSION = YES_AGGRESSIVE;
				CLANG_CXX_LANGUAGE_STANDARD = "gnu++14";
				CLANG_CXX_LIBRARY = "libc++";
				CLANG_ENABLE_MODULES = YES;
				CLANG_ENABLE_OBJC_ARC = YES;
				CLANG_ENABLE_OBJC_WEAK = YES;
				CLANG_WARN_BLOCK_CAPTURE_AUTORELEASING = YES;
				CLANG_WARN_BOOL_CONVERSION = YES;
				CLANG_WARN_COMMA = YES;
				CLANG_WARN_CONSTANT_CONVERSION = YES;
				CLANG_WARN_DEPRECATED_OBJC_IMPLEMENTATIONS = YES;
				CLANG_WARN_DIRECT_OBJC_ISA_USAGE = YES_ERROR;
				CLANG_WARN_DOCUMENTATION_COMMENTS = YES;
				CLANG_WARN_EMPTY_BODY = YES;
				CLANG_WARN_ENUM_CONVERSION = YES;
				CLANG_WARN_INFINITE_RECURSION = YES;
				CLANG_WARN_INT_CONVERSION = YES;
				CLANG_WARN_NON_LITERAL_NULL_CONVERSION = YES;
				CLANG_WARN_OBJC_IMPLICIT_RETAIN_SELF = YES;
				CLANG_WARN_OBJC_LITERAL_CONVERSION = YES;
				CLANG_WARN_OBJC_ROOT_CLASS = YES_ERROR;
				CLANG_WARN_QUOTED_INCLUDE_IN_FRAMEWORK_HEADER = YES;
				CLANG_WARN_RANGE_LOOP_ANALYSIS = YES;
				CLANG_WARN_STRICT_PROTOTYPES = YES;
				CLANG_WARN_SUSPICIOUS_MOVE = YES;
				CLANG_WARN_UNGUARDED_AVAILABILITY = YES_AGGRESSIVE;
				CLANG_WARN_UNREACHABLE_CODE = YES;
				CLANG_WARN__DUPLICATE_METHOD_MATCH = YES;
				COPY_PHASE_STRIP = NO;
				DEBUG_INFORMATION_FORMAT = "dwarf-with-dsym";
				ENABLE_NS_ASSERTIONS = NO;
				ENABLE_STRICT_OBJC_MSGSEND = YES;
				GCC_C_LANGUAGE_STANDARD = gnu11;
				GCC_NO_COMMON_BLOCKS = YES;
				GCC_WARN_64_TO_32_BIT_CONVERSION = YES;
				GCC_WARN_ABOUT_RETURN_TYPE = YES_ERROR;
				GCC_WARN_UNDECLARED_SELECTOR = YES;
				GCC_WARN_UNINITIALIZED_AUTOS = YES_AGGRESSIVE;
				GCC_WARN_UNUSED_FUNCTION = YES;
				GCC_WARN_UNUSED_VARIABLE = YES;
				IPHONEOS_DEPLOYMENT_TARGET = 14.5;
				MTL_ENABLE_DEBUG_INFO = NO;
				MTL_FAST_MATH = YES;
				SDKROOT = iphoneos;
				SWIFT_COMPILATION_MODE = wholemodule;
				SWIFT_OPTIMIZATION_LEVEL = "-O";
				VALIDATE_PRODUCT = YES;
			};
			name = Release;
		};
		75F8D1162708FFA3003F4989 /* Debug */ = {
			isa = XCBuildConfiguration;
			buildSettings = {
				ASSETCATALOG_COMPILER_APPICON_NAME = AppIcon;
				ASSETCATALOG_COMPILER_GLOBAL_ACCENT_COLOR_NAME = AccentColor;
				CODE_SIGN_STYLE = Automatic;
				DEVELOPMENT_ASSET_PATHS = "\"xSwimTeam/Preview Content\"";
				DEVELOPMENT_TEAM = F56C7H2Z9Y;
				ENABLE_PREVIEWS = YES;
				INFOPLIST_FILE = xSwimTeam/Info.plist;
				IPHONEOS_DEPLOYMENT_TARGET = 14.0;
				LD_RUNPATH_SEARCH_PATHS = (
					"$(inherited)",
					"@executable_path/Frameworks",
				);
				PRODUCT_BUNDLE_IDENTIFIER = com.micahlau.xSwimTeam;
				PRODUCT_NAME = "$(TARGET_NAME)";
				SWIFT_VERSION = 5.0;
				TARGETED_DEVICE_FAMILY = "1,2";
			};
			name = Debug;
		};
		75F8D1172708FFA3003F4989 /* Release */ = {
			isa = XCBuildConfiguration;
			buildSettings = {
				ASSETCATALOG_COMPILER_APPICON_NAME = AppIcon;
				ASSETCATALOG_COMPILER_GLOBAL_ACCENT_COLOR_NAME = AccentColor;
				CODE_SIGN_STYLE = Automatic;
				DEVELOPMENT_ASSET_PATHS = "\"xSwimTeam/Preview Content\"";
				DEVELOPMENT_TEAM = F56C7H2Z9Y;
				ENABLE_PREVIEWS = YES;
				INFOPLIST_FILE = xSwimTeam/Info.plist;
				IPHONEOS_DEPLOYMENT_TARGET = 14.0;
				LD_RUNPATH_SEARCH_PATHS = (
					"$(inherited)",
					"@executable_path/Frameworks",
				);
				PRODUCT_BUNDLE_IDENTIFIER = com.micahlau.xSwimTeam;
				PRODUCT_NAME = "$(TARGET_NAME)";
				SWIFT_VERSION = 5.0;
				TARGETED_DEVICE_FAMILY = "1,2";
			};
			name = Release;
		};
/* End XCBuildConfiguration section */

/* Begin XCConfigurationList section */
		75F8D1012708FFA1003F4989 /* Build configuration list for PBXProject "xSwimTeam" */ = {
			isa = XCConfigurationList;
			buildConfigurations = (
				75F8D1132708FFA3003F4989 /* Debug */,
				75F8D1142708FFA3003F4989 /* Release */,
			);
			defaultConfigurationIsVisible = 0;
			defaultConfigurationName = Release;
		};
		75F8D1152708FFA3003F4989 /* Build configuration list for PBXNativeTarget "xSwimTeam" */ = {
			isa = XCConfigurationList;
			buildConfigurations = (
				75F8D1162708FFA3003F4989 /* Debug */,
				75F8D1172708FFA3003F4989 /* Release */,
			);
			defaultConfigurationIsVisible = 0;
			defaultConfigurationName = Release;
		};
/* End XCConfigurationList section */
	};
	rootObject = 75F8D0FE2708FFA1003F4989 /* Project object */;
}
